# This file is automatically @generated by Cargo.
# It is not intended for manual editing.
version = 4

[[package]]
name = "vorbis"
version = "0.1.0"

[[package]]
name = "vorbis-lewton"
version = "0.1.0"

[[package]]
name = "vorbis-rs"
version = "0.1.0"

[[package]]
name = "vorbis-sys"
version = "0.1.0"
